
Microsoft Visual Studio Solution File, Format Version 12.00
# Visual Studio Version 16
VisualStudioVersion = 16.0.29519.87
MinimumVisualStudioVersion = 10.0.40219.1
Project("{FAE04EC0-301F-11D3-BF4B-00C04F79EFBC}") = "credit_calculator", "credit_calculator\credit_calculator.csproj", "{D9DE217A-B330-467D-93E8-3411CC550664}"
EndProject
Global
	GlobalSection(SolutionConfigurationPlatforms) = preSolution
		Debug|Any CPU = Debug|Any CPU
		Release|Any CPU = Release|Any CPU
	EndGlobalSection
	GlobalSection(ProjectConfigurationPlatforms) = postSolution
		{D9DE217A-B330-467D-93E8-3411CC550664}.Debug|Any CPU.ActiveCfg = Debug|Any CPU
		{D9DE217A-B330-467D-93E8-3411CC550664}.Debug|Any CPU.Build.0 = Debug|Any CPU
		{D9DE217A-B330-467D-93E8-3411CC550664}.Release|Any CPU.ActiveCfg = Release|Any CPU
		{D9DE217A-B330-467D-93E8-3411CC550664}.Release|Any CPU.Build.0 = Release|Any CPU
	EndGlobalSection
	GlobalSection(SolutionProperties) = preSolution
		HideSolutionNode = FALSE
	EndGlobalSection
	GlobalSection(ExtensibilityGlobals) = postSolution
		SolutionGuid = {E02706B6-30B2-4EA4-BE2B-2D8A22511642}
	EndGlobalSection
EndGlobal
